
Microsoft Visual Studio Solution File, Format Version 12.00
# Visual Studio Version 17
VisualStudioVersion = 17.3.32929.385
MinimumVisualStudioVersion = 10.0.40219.1
Project("{FAE04EC0-301F-11D3-BF4B-00C04F79EFBC}") = "school", "school\school.csproj", "{872A9FC2-A9A5-4FD0-8129-8C06E939E063}"
EndProject
Global
	GlobalSection(SolutionConfigurationPlatforms) = preSolution
		Debug|Any CPU = Debug|Any CPU
		Release|Any CPU = Release|Any CPU
	EndGlobalSection
	GlobalSection(ProjectConfigurationPlatforms) = postSolution
		{872A9FC2-A9A5-4FD0-8129-8C06E939E063}.Debug|Any CPU.ActiveCfg = Debug|Any CPU
		{872A9FC2-A9A5-4FD0-8129-8C06E939E063}.Debug|Any CPU.Build.0 = Debug|Any CPU
		{872A9FC2-A9A5-4FD0-8129-8C06E939E063}.Release|Any CPU.ActiveCfg = Release|Any CPU
		{872A9FC2-A9A5-4FD0-8129-8C06E939E063}.Release|Any CPU.Build.0 = Release|Any CPU
	EndGlobalSection
	GlobalSection(SolutionProperties) = preSolution
		HideSolutionNode = FALSE
	EndGlobalSection
	GlobalSection(ExtensibilityGlobals) = postSolution
		SolutionGuid = {A4D5CF89-DC61-49E2-B5A2-0680E9ADA392}
	EndGlobalSection
EndGlobal
